
Microsoft Visual Studio Solution File, Format Version 12.00
# Visual Studio Version 17
VisualStudioVersion = 17.8.34309.116
MinimumVisualStudioVersion = 10.0.40219.1
Project("{FAE04EC0-301F-11D3-BF4B-00C04F79EFBC}") = "UseWhenExample", "UseWhenExample\UseWhenExample.csproj", "{A6076415-BDA3-4864-9B25-44ED0F7DE395}"
EndProject
Global
	GlobalSection(SolutionConfigurationPlatforms) = preSolution
		Debug|Any CPU = Debug|Any CPU
		Release|Any CPU = Release|Any CPU
	EndGlobalSection
	GlobalSection(ProjectConfigurationPlatforms) = postSolution
		{A6076415-BDA3-4864-9B25-44ED0F7DE395}.Debug|Any CPU.ActiveCfg = Debug|Any CPU
		{A6076415-BDA3-4864-9B25-44ED0F7DE395}.Debug|Any CPU.Build.0 = Debug|Any CPU
		{A6076415-BDA3-4864-9B25-44ED0F7DE395}.Release|Any CPU.ActiveCfg = Release|Any CPU
		{A6076415-BDA3-4864-9B25-44ED0F7DE395}.Release|Any CPU.Build.0 = Release|Any CPU
	EndGlobalSection
	GlobalSection(SolutionProperties) = preSolution
		HideSolutionNode = FALSE
	EndGlobalSection
	GlobalSection(ExtensibilityGlobals) = postSolution
		SolutionGuid = {9AEFE695-7FF3-4149-BC92-C9D90075257A}
	EndGlobalSection
EndGlobal
