
Microsoft Visual Studio Solution File, Format Version 12.00
# Visual Studio Version 17
VisualStudioVersion = 17.8.34309.116
MinimumVisualStudioVersion = 10.0.40219.1
Project("{FAE04EC0-301F-11D3-BF4B-00C04F79EFBC}") = "LayoutViewsExample", "LayoutViewsExample\LayoutViewsExample.csproj", "{A35ABC38-592C-4C74-AC35-426AD27A0DAA}"
EndProject
Global
	GlobalSection(SolutionConfigurationPlatforms) = preSolution
		Debug|Any CPU = Debug|Any CPU
		Release|Any CPU = Release|Any CPU
	EndGlobalSection
	GlobalSection(ProjectConfigurationPlatforms) = postSolution
		{A35ABC38-592C-4C74-AC35-426AD27A0DAA}.Debug|Any CPU.ActiveCfg = Debug|Any CPU
		{A35ABC38-592C-4C74-AC35-426AD27A0DAA}.Debug|Any CPU.Build.0 = Debug|Any CPU
		{A35ABC38-592C-4C74-AC35-426AD27A0DAA}.Release|Any CPU.ActiveCfg = Release|Any CPU
		{A35ABC38-592C-4C74-AC35-426AD27A0DAA}.Release|Any CPU.Build.0 = Release|Any CPU
	EndGlobalSection
	GlobalSection(SolutionProperties) = preSolution
		HideSolutionNode = FALSE
	EndGlobalSection
	GlobalSection(ExtensibilityGlobals) = postSolution
		SolutionGuid = {B4359235-7DE2-4305-8BCA-6A70E5A7DD87}
	EndGlobalSection
EndGlobal
