
Microsoft Visual Studio Solution File, Format Version 12.00
# Visual Studio Version 17
VisualStudioVersion = 17.8.34309.116
MinimumVisualStudioVersion = 10.0.40219.1
Project("{FAE04EC0-301F-11D3-BF4B-00C04F79EFBC}") = "ViewExample", "ViewExample\ViewExample.csproj", "{DB4B3390-D1F6-4817-A12B-758EEE00A363}"
EndProject
Global
	GlobalSection(SolutionConfigurationPlatforms) = preSolution
		Debug|Any CPU = Debug|Any CPU
		Release|Any CPU = Release|Any CPU
	EndGlobalSection
	GlobalSection(ProjectConfigurationPlatforms) = postSolution
		{DB4B3390-D1F6-4817-A12B-758EEE00A363}.Debug|Any CPU.ActiveCfg = Debug|Any CPU
		{DB4B3390-D1F6-4817-A12B-758EEE00A363}.Debug|Any CPU.Build.0 = Debug|Any CPU
		{DB4B3390-D1F6-4817-A12B-758EEE00A363}.Release|Any CPU.ActiveCfg = Release|Any CPU
		{DB4B3390-D1F6-4817-A12B-758EEE00A363}.Release|Any CPU.Build.0 = Release|Any CPU
	EndGlobalSection
	GlobalSection(SolutionProperties) = preSolution
		HideSolutionNode = FALSE
	EndGlobalSection
	GlobalSection(ExtensibilityGlobals) = postSolution
		SolutionGuid = {D41D8C05-6994-4779-844A-9F389D9D0AE3}
	EndGlobalSection
EndGlobal
