
Microsoft Visual Studio Solution File, Format Version 12.00
# Visual Studio Version 17
VisualStudioVersion = 17.8.34309.116
MinimumVisualStudioVersion = 10.0.40219.1
Project("{FAE04EC0-301F-11D3-BF4B-00C04F79EFBC}") = "RoutingExample", "RoutingExample\RoutingExample.csproj", "{44B513E2-F4C2-4FD0-A085-224BEB67BBB8}"
EndProject
Global
	GlobalSection(SolutionConfigurationPlatforms) = preSolution
		Debug|Any CPU = Debug|Any CPU
		Release|Any CPU = Release|Any CPU
	EndGlobalSection
	GlobalSection(ProjectConfigurationPlatforms) = postSolution
		{44B513E2-F4C2-4FD0-A085-224BEB67BBB8}.Debug|Any CPU.ActiveCfg = Debug|Any CPU
		{44B513E2-F4C2-4FD0-A085-224BEB67BBB8}.Debug|Any CPU.Build.0 = Debug|Any CPU
		{44B513E2-F4C2-4FD0-A085-224BEB67BBB8}.Release|Any CPU.ActiveCfg = Release|Any CPU
		{44B513E2-F4C2-4FD0-A085-224BEB67BBB8}.Release|Any CPU.Build.0 = Release|Any CPU
	EndGlobalSection
	GlobalSection(SolutionProperties) = preSolution
		HideSolutionNode = FALSE
	EndGlobalSection
	GlobalSection(ExtensibilityGlobals) = postSolution
		SolutionGuid = {75029435-51B6-4463-9BAD-6755FD290AFC}
	EndGlobalSection
EndGlobal
