
Microsoft Visual Studio Solution File, Format Version 12.00
# Visual Studio Version 17
VisualStudioVersion = 17.8.34309.116
MinimumVisualStudioVersion = 10.0.40219.1
Project("{FAE04EC0-301F-11D3-BF4B-00C04F79EFBC}") = "ModelValidationExample", "ModelValidationExample\ModelValidationExample.csproj", "{5C1ED580-45A7-4D9D-8C02-C6F12B38BBBB}"
EndProject
Global
	GlobalSection(SolutionConfigurationPlatforms) = preSolution
		Debug|Any CPU = Debug|Any CPU
		Release|Any CPU = Release|Any CPU
	EndGlobalSection
	GlobalSection(ProjectConfigurationPlatforms) = postSolution
		{5C1ED580-45A7-4D9D-8C02-C6F12B38BBBB}.Debug|Any CPU.ActiveCfg = Debug|Any CPU
		{5C1ED580-45A7-4D9D-8C02-C6F12B38BBBB}.Debug|Any CPU.Build.0 = Debug|Any CPU
		{5C1ED580-45A7-4D9D-8C02-C6F12B38BBBB}.Release|Any CPU.ActiveCfg = Release|Any CPU
		{5C1ED580-45A7-4D9D-8C02-C6F12B38BBBB}.Release|Any CPU.Build.0 = Release|Any CPU
	EndGlobalSection
	GlobalSection(SolutionProperties) = preSolution
		HideSolutionNode = FALSE
	EndGlobalSection
	GlobalSection(ExtensibilityGlobals) = postSolution
		SolutionGuid = {27F1DD1E-68E3-4B7D-AAD2-84566D961FD5}
	EndGlobalSection
EndGlobal
