
Microsoft Visual Studio Solution File, Format Version 12.00
# Visual Studio Version 17
VisualStudioVersion = 17.8.34309.116
MinimumVisualStudioVersion = 10.0.40219.1
Project("{FAE04EC0-301F-11D3-BF4B-00C04F79EFBC}") = "ViewComponentExample", "ViewComponentExample\ViewComponentExample.csproj", "{C814C38A-C57B-4BE1-84BC-1F081081013B}"
EndProject
Global
	GlobalSection(SolutionConfigurationPlatforms) = preSolution
		Debug|Any CPU = Debug|Any CPU
		Release|Any CPU = Release|Any CPU
	EndGlobalSection
	GlobalSection(ProjectConfigurationPlatforms) = postSolution
		{C814C38A-C57B-4BE1-84BC-1F081081013B}.Debug|Any CPU.ActiveCfg = Debug|Any CPU
		{C814C38A-C57B-4BE1-84BC-1F081081013B}.Debug|Any CPU.Build.0 = Debug|Any CPU
		{C814C38A-C57B-4BE1-84BC-1F081081013B}.Release|Any CPU.ActiveCfg = Release|Any CPU
		{C814C38A-C57B-4BE1-84BC-1F081081013B}.Release|Any CPU.Build.0 = Release|Any CPU
	EndGlobalSection
	GlobalSection(SolutionProperties) = preSolution
		HideSolutionNode = FALSE
	EndGlobalSection
	GlobalSection(ExtensibilityGlobals) = postSolution
		SolutionGuid = {3BB10B9C-F9FC-4B9D-8BF3-2D6F9AFB64C7}
	EndGlobalSection
EndGlobal
