
Microsoft Visual Studio Solution File, Format Version 12.00
# Visual Studio Version 17
VisualStudioVersion = 17.8.34330.188
MinimumVisualStudioVersion = 10.0.40219.1
Project("{FAE04EC0-301F-11D3-BF4B-00C04F79EFBC}") = "ContactManager.UI", "ContactManager.UI\ContactManager.UI.csproj", "{D77623E5-CBDC-4157-8B38-9705CC7308BB}"
EndProject
Project("{2150E333-8FDC-42A3-9474-1A3956D46DE8}") = "src", "src", "{F21147F2-7E3E-4781-BF81-30D29D66CCEE}"
EndProject
Project("{2150E333-8FDC-42A3-9474-1A3956D46DE8}") = "tests", "tests", "{ABD45156-D99A-4FB0-9899-D9BDBE007666}"
EndProject
Project("{FAE04EC0-301F-11D3-BF4B-00C04F79EFBC}") = "ContactManager.Core", "ContactManager.Core\ContactManager.Core.csproj", "{B5D5EBC7-FC5F-42EF-8170-5838B81B7A59}"
EndProject
Global
	GlobalSection(SolutionConfigurationPlatforms) = preSolution
		Debug|Any CPU = Debug|Any CPU
		Release|Any CPU = Release|Any CPU
	EndGlobalSection
	GlobalSection(ProjectConfigurationPlatforms) = postSolution
		{D77623E5-CBDC-4157-8B38-9705CC7308BB}.Debug|Any CPU.ActiveCfg = Debug|Any CPU
		{D77623E5-CBDC-4157-8B38-9705CC7308BB}.Debug|Any CPU.Build.0 = Debug|Any CPU
		{D77623E5-CBDC-4157-8B38-9705CC7308BB}.Release|Any CPU.ActiveCfg = Release|Any CPU
		{D77623E5-CBDC-4157-8B38-9705CC7308BB}.Release|Any CPU.Build.0 = Release|Any CPU
		{B5D5EBC7-FC5F-42EF-8170-5838B81B7A59}.Debug|Any CPU.ActiveCfg = Debug|Any CPU
		{B5D5EBC7-FC5F-42EF-8170-5838B81B7A59}.Debug|Any CPU.Build.0 = Debug|Any CPU
		{B5D5EBC7-FC5F-42EF-8170-5838B81B7A59}.Release|Any CPU.ActiveCfg = Release|Any CPU
		{B5D5EBC7-FC5F-42EF-8170-5838B81B7A59}.Release|Any CPU.Build.0 = Release|Any CPU
	EndGlobalSection
	GlobalSection(SolutionProperties) = preSolution
		HideSolutionNode = FALSE
	EndGlobalSection
	GlobalSection(NestedProjects) = preSolution
		{D77623E5-CBDC-4157-8B38-9705CC7308BB} = {F21147F2-7E3E-4781-BF81-30D29D66CCEE}
		{B5D5EBC7-FC5F-42EF-8170-5838B81B7A59} = {F21147F2-7E3E-4781-BF81-30D29D66CCEE}
	EndGlobalSection
	GlobalSection(ExtensibilityGlobals) = postSolution
		SolutionGuid = {86394469-9676-42A5-9616-343855FBADF8}
	EndGlobalSection
EndGlobal
